
Microsoft Visual Studio Solution File, Format Version 12.00
# Visual Studio Version 16
VisualStudioVersion = 16.0.808.4
MinimumVisualStudioVersion = 10.0.40219.1
Project("{FAE04EC0-301F-11D3-BF4B-00C04F79EFBC}") = "XamDemo.Android", "XamDemo.Android\XamDemo.Android.csproj", "{84E95243-D1E6-4C65-9C58-3401A3591194}"
EndProject
Project("{FAE04EC0-301F-11D3-BF4B-00C04F79EFBC}") = "XamDemo.iOS", "XamDemo.iOS\XamDemo.iOS.csproj", "{036FA7B3-F30E-40F1-A16F-AA989A254D2B}"
EndProject
Project("{9A19103F-16F7-4668-BE54-9A1E7A4F7556}") = "XamDemo", "XamDemo\XamDemo.csproj", "{3ECF0C15-820F-4871-A28D-352010C6FB56}"
EndProject
Global
	GlobalSection(SolutionConfigurationPlatforms) = preSolution
		Debug|Any CPU = Debug|Any CPU
		Debug|iPhone = Debug|iPhone
		Debug|iPhoneSimulator = Debug|iPhoneSimulator
		Release|Any CPU = Release|Any CPU
		Release|iPhone = Release|iPhone
		Release|iPhoneSimulator = Release|iPhoneSimulator
	EndGlobalSection
	GlobalSection(ProjectConfigurationPlatforms) = postSolution
		{84E95243-D1E6-4C65-9C58-3401A3591194}.Debug|Any CPU.ActiveCfg = Debug|Any CPU
		{84E95243-D1E6-4C65-9C58-3401A3591194}.Debug|Any CPU.Build.0 = Debug|Any CPU
		{84E95243-D1E6-4C65-9C58-3401A3591194}.Debug|Any CPU.Deploy.0 = Debug|Any CPU
		{84E95243-D1E6-4C65-9C58-3401A3591194}.Debug|iPhone.ActiveCfg = Debug|Any CPU
		{84E95243-D1E6-4C65-9C58-3401A3591194}.Debug|iPhone.Build.0 = Debug|Any CPU
		{84E95243-D1E6-4C65-9C58-3401A3591194}.Debug|iPhoneSimulator.ActiveCfg = Debug|Any CPU
		{84E95243-D1E6-4C65-9C58-3401A3591194}.Debug|iPhoneSimulator.Build.0 = Debug|Any CPU
		{84E95243-D1E6-4C65-9C58-3401A3591194}.Release|Any CPU.ActiveCfg = Release|Any CPU
		{84E95243-D1E6-4C65-9C58-3401A3591194}.Release|Any CPU.Build.0 = Release|Any CPU
		{84E95243-D1E6-4C65-9C58-3401A3591194}.Release|iPhone.ActiveCfg = Release|Any CPU
		{84E95243-D1E6-4C65-9C58-3401A3591194}.Release|iPhone.Build.0 = Release|Any CPU
		{84E95243-D1E6-4C65-9C58-3401A3591194}.Release|iPhoneSimulator.ActiveCfg = Release|Any CPU
		{84E95243-D1E6-4C65-9C58-3401A3591194}.Release|iPhoneSimulator.Build.0 = Release|Any CPU
		{036FA7B3-F30E-40F1-A16F-AA989A254D2B}.Debug|Any CPU.ActiveCfg = Debug|iPhoneSimulator
		{036FA7B3-F30E-40F1-A16F-AA989A254D2B}.Debug|Any CPU.Build.0 = Debug|iPhoneSimulator
		{036FA7B3-F30E-40F1-A16F-AA989A254D2B}.Debug|iPhone.ActiveCfg = Debug|iPhone
		{036FA7B3-F30E-40F1-A16F-AA989A254D2B}.Debug|iPhone.Build.0 = Debug|iPhone
		{036FA7B3-F30E-40F1-A16F-AA989A254D2B}.Debug|iPhoneSimulator.ActiveCfg = Debug|iPhoneSimulator
		{036FA7B3-F30E-40F1-A16F-AA989A254D2B}.Debug|iPhoneSimulator.Build.0 = Debug|iPhoneSimulator
		{036FA7B3-F30E-40F1-A16F-AA989A254D2B}.Release|Any CPU.ActiveCfg = Release|iPhoneSimulator
		{036FA7B3-F30E-40F1-A16F-AA989A254D2B}.Release|Any CPU.Build.0 = Release|iPhoneSimulator
		{036FA7B3-F30E-40F1-A16F-AA989A254D2B}.Release|iPhone.ActiveCfg = Release|iPhone
		{036FA7B3-F30E-40F1-A16F-AA989A254D2B}.Release|iPhone.Build.0 = Release|iPhone
		{036FA7B3-F30E-40F1-A16F-AA989A254D2B}.Release|iPhoneSimulator.ActiveCfg = Release|iPhoneSimulator
		{036FA7B3-F30E-40F1-A16F-AA989A254D2B}.Release|iPhoneSimulator.Build.0 = Release|iPhoneSimulator
		{3ECF0C15-820F-4871-A28D-352010C6FB56}.Debug|Any CPU.ActiveCfg = Debug|Any CPU
		{3ECF0C15-820F-4871-A28D-352010C6FB56}.Debug|Any CPU.Build.0 = Debug|Any CPU
		{3ECF0C15-820F-4871-A28D-352010C6FB56}.Debug|iPhone.ActiveCfg = Debug|Any CPU
		{3ECF0C15-820F-4871-A28D-352010C6FB56}.Debug|iPhone.Build.0 = Debug|Any CPU
		{3ECF0C15-820F-4871-A28D-352010C6FB56}.Debug|iPhoneSimulator.ActiveCfg = Debug|Any CPU
		{3ECF0C15-820F-4871-A28D-352010C6FB56}.Debug|iPhoneSimulator.Build.0 = Debug|Any CPU
		{3ECF0C15-820F-4871-A28D-352010C6FB56}.Release|Any CPU.ActiveCfg = Release|Any CPU
		{3ECF0C15-820F-4871-A28D-352010C6FB56}.Release|Any CPU.Build.0 = Release|Any CPU
		{3ECF0C15-820F-4871-A28D-352010C6FB56}.Release|iPhone.ActiveCfg = Release|Any CPU
		{3ECF0C15-820F-4871-A28D-352010C6FB56}.Release|iPhone.Build.0 = Release|Any CPU
		{3ECF0C15-820F-4871-A28D-352010C6FB56}.Release|iPhoneSimulator.ActiveCfg = Release|Any CPU
		{3ECF0C15-820F-4871-A28D-352010C6FB56}.Release|iPhoneSimulator.Build.0 = Release|Any CPU
	EndGlobalSection
	GlobalSection(SolutionProperties) = preSolution
		HideSolutionNode = FALSE
	EndGlobalSection
	GlobalSection(ExtensibilityGlobals) = postSolution
		SolutionGuid = {1847ADDA-0DD9-4642-A91E-2491CE778DF6}
	EndGlobalSection
EndGlobal
